
Microsoft Visual Studio Solution File, Format Version 12.00
# Visual Studio Version 16
VisualStudioVersion = 16.0.31729.503
MinimumVisualStudioVersion = 10.0.40219.1
Project("{9A19103F-16F7-4668-BE54-9A1E7A4F7556}") = "TicTacToe", "TicTacToe\TicTacToe.csproj", "{4AABB1EE-B360-45BB-9FDB-1CB84169F404}"
EndProject
Project("{9A19103F-16F7-4668-BE54-9A1E7A4F7556}") = "DymanLibrary", "..\DymanLibrary\DymanLibrary\DymanLibrary.csproj", "{55A367F1-EEFC-4BCF-850A-18AE59A1DD26}"
EndProject
Global
	GlobalSection(SolutionConfigurationPlatforms) = preSolution
		Debug|Any CPU = Debug|Any CPU
		Release|Any CPU = Release|Any CPU
	EndGlobalSection
	GlobalSection(ProjectConfigurationPlatforms) = postSolution
		{4AABB1EE-B360-45BB-9FDB-1CB84169F404}.Debug|Any CPU.ActiveCfg = Debug|Any CPU
		{4AABB1EE-B360-45BB-9FDB-1CB84169F404}.Debug|Any CPU.Build.0 = Debug|Any CPU
		{4AABB1EE-B360-45BB-9FDB-1CB84169F404}.Release|Any CPU.ActiveCfg = Release|Any CPU
		{4AABB1EE-B360-45BB-9FDB-1CB84169F404}.Release|Any CPU.Build.0 = Release|Any CPU
		{55A367F1-EEFC-4BCF-850A-18AE59A1DD26}.Debug|Any CPU.ActiveCfg = Debug|Any CPU
		{55A367F1-EEFC-4BCF-850A-18AE59A1DD26}.Debug|Any CPU.Build.0 = Debug|Any CPU
		{55A367F1-EEFC-4BCF-850A-18AE59A1DD26}.Release|Any CPU.ActiveCfg = Release|Any CPU
		{55A367F1-EEFC-4BCF-850A-18AE59A1DD26}.Release|Any CPU.Build.0 = Release|Any CPU
	EndGlobalSection
	GlobalSection(SolutionProperties) = preSolution
		HideSolutionNode = FALSE
	EndGlobalSection
	GlobalSection(ExtensibilityGlobals) = postSolution
		SolutionGuid = {B8E181AE-6B5D-4B22-BACF-50706F6DC097}
	EndGlobalSection
EndGlobal
